Microsoft Visual Studio Solution File, Format Version 12.00
# Visual Studio 2012
Project("{FAE04EC0-301F-11D3-BF4B-00C04F79EFBC}") = "Game Dev", "Game Dev.csproj", "{ED1CE536-10CE-477C-A0AA-7E0B57BE1A03}"
EndProject
Global
	GlobalSection(SolutionConfigurationPlatforms) = preSolution
	Debug|Any CPU = Debug|Any CPU
	ExportDebug|Any CPU = ExportDebug|Any CPU
	ExportRelease|Any CPU = ExportRelease|Any CPU
	EndGlobalSection
	GlobalSection(ProjectConfigurationPlatforms) = postSolution
		{ED1CE536-10CE-477C-A0AA-7E0B57BE1A03}.Debug|Any CPU.ActiveCfg = Debug|Any CPU
		{ED1CE536-10CE-477C-A0AA-7E0B57BE1A03}.Debug|Any CPU.Build.0 = Debug|Any CPU
		{ED1CE536-10CE-477C-A0AA-7E0B57BE1A03}.ExportDebug|Any CPU.ActiveCfg = ExportDebug|Any CPU
		{ED1CE536-10CE-477C-A0AA-7E0B57BE1A03}.ExportDebug|Any CPU.Build.0 = ExportDebug|Any CPU
		{ED1CE536-10CE-477C-A0AA-7E0B57BE1A03}.ExportRelease|Any CPU.ActiveCfg = ExportRelease|Any CPU
		{ED1CE536-10CE-477C-A0AA-7E0B57BE1A03}.ExportRelease|Any CPU.Build.0 = ExportRelease|Any CPU
	EndGlobalSection
EndGlobal
