Microsoft Visual Studio Solution File, Format Version 12.00
# Visual Studio 2012
Project("{FAE04EC0-301F-11D3-BF4B-00C04F79EFBC}") = "Suika", "Suika.csproj", "{FC8F38E4-3AB6-48C4-A853-316B4A2362FE}"
EndProject
Global
	GlobalSection(SolutionConfigurationPlatforms) = preSolution
	Debug|Any CPU = Debug|Any CPU
	ExportDebug|Any CPU = ExportDebug|Any CPU
	ExportRelease|Any CPU = ExportRelease|Any CPU
	EndGlobalSection
	GlobalSection(ProjectConfigurationPlatforms) = postSolution
		{FC8F38E4-3AB6-48C4-A853-316B4A2362FE}.Debug|Any CPU.ActiveCfg = Debug|Any CPU
		{FC8F38E4-3AB6-48C4-A853-316B4A2362FE}.Debug|Any CPU.Build.0 = Debug|Any CPU
		{FC8F38E4-3AB6-48C4-A853-316B4A2362FE}.ExportDebug|Any CPU.ActiveCfg = ExportDebug|Any CPU
		{FC8F38E4-3AB6-48C4-A853-316B4A2362FE}.ExportDebug|Any CPU.Build.0 = ExportDebug|Any CPU
		{FC8F38E4-3AB6-48C4-A853-316B4A2362FE}.ExportRelease|Any CPU.ActiveCfg = ExportRelease|Any CPU
		{FC8F38E4-3AB6-48C4-A853-316B4A2362FE}.ExportRelease|Any CPU.Build.0 = ExportRelease|Any CPU
	EndGlobalSection
EndGlobal
